
Microsoft Visual Studio Solution File, Format Version 12.00
# Visual Studio Version 16
VisualStudioVersion = 16.0.33927.289
MinimumVisualStudioVersion = 10.0.40219.1
Project("{2150E333-8FDC-42A3-9474-1A3956D46DE8}") = "Task0", "Task0", "{5AE4264E-542B-4CB4-A321-09149CF44F8F}"
EndProject
Project("{FAE04EC0-301F-11D3-BF4B-00C04F79EFBC}") = "Tyuiu.MezentsevSE.Sprint0.Task0.V0", "Tyuiu.MezentsevSE.Sprint0.Task0.V0\Tyuiu.MezentsevSE.Sprint0.Task0.V0.csproj", "{120EFC6A-539B-4EFA-93F2-ED83E3A5017A}"
EndProject
Project("{2150E333-8FDC-42A3-9474-1A3956D46DE8}") = "Task1", "Task1", "{44490829-6D3C-478A-9F75-CE425F11B969}"
EndProject
Project("{FAE04EC0-301F-11D3-BF4B-00C04F79EFBC}") = "Tyuiu.MezentsevSE.Sprint0.Task1.V0", "Tyuiu.MezentsevSE.Sprint0.Task1.V0\Tyuiu.MezentsevSE.Sprint0.Task1.V0.csproj", "{9B07288E-C66B-4579-89E3-A83D70006701}"
EndProject
Project("{2150E333-8FDC-42A3-9474-1A3956D46DE8}") = "Task2", "Task2", "{545A36EE-F8AA-4260-BE3B-E30DCC586729}"
EndProject
Project("{FAE04EC0-301F-11D3-BF4B-00C04F79EFBC}") = "Tyuiu.MezentsevSE.Sprint0.Task2.V0", "Tyuiu.MezentsevSE.Sprint0.Task2.V0\Tyuiu.MezentsevSE.Sprint0.Task2.V0.csproj", "{04671322-C69B-4EDD-80DA-6241BA3EEA7F}"
EndProject
Project("{FAE04EC0-301F-11D3-BF4B-00C04F79EFBC}") = "Tyuiu.MezentsevSE.Sprint0.Task2.V0.Lib", "Tyuiu.MezentsevSE.Sprint0.Task2.V0.Lib\Tyuiu.MezentsevSE.Sprint0.Task2.V0.Lib.csproj", "{E94FEF8C-233F-4D2B-BA79-D2842C8DC121}"
EndProject
Project("{FAE04EC0-301F-11D3-BF4B-00C04F79EFBC}") = "Tyuiu.MezentsevSE.Sprint0.Task2.V0.Test", "Tyuiu.MezentsevSE.Sprint0.Task2.V0.Test\Tyuiu.MezentsevSE.Sprint0.Task2.V0.Test.csproj", "{5D96B85F-7B22-4311-AEE1-23EB13E9D1A5}"
EndProject
Project("{2150E333-8FDC-42A3-9474-1A3956D46DE8}") = "Task3", "Task3", "{62645E87-7D30-4505-853D-E5BB46433785}"
EndProject
Project("{FAE04EC0-301F-11D3-BF4B-00C04F79EFBC}") = "Tyuiu.MezentsevSE.Sprint0.Task3.V0", "Tyuiu.MezentsevSE.Sprint0.Task3.V0\Tyuiu.MezentsevSE.Sprint0.Task3.V0.csproj", "{2BC418D2-49CB-4A33-95F3-757044AEF9AF}"
EndProject
Project("{FAE04EC0-301F-11D3-BF4B-00C04F79EFBC}") = "Tyuiu.MezentsevSE.Sprint0.Task3.V0.Lib", "Tyuiu.MezentsevSE.Sprint0.Task3.V0.Lib\Tyuiu.MezentsevSE.Sprint0.Task3.V0.Lib.csproj", "{003E10E6-69B9-4989-91FC-93E0441DAC7F}"
EndProject
Project("{FAE04EC0-301F-11D3-BF4B-00C04F79EFBC}") = "Tyuiu.MezentsevSE.Sprint0.Task3.V0.Test", "Tyuiu.MezentsevSE.Sprint0.Task3.V0.Test\Tyuiu.MezentsevSE.Sprint0.Task3.V0.Test.csproj", "{03E5F0CF-5D37-4398-A11B-649850D16000}"
EndProject
Project("{2150E333-8FDC-42A3-9474-1A3956D46DE8}") = "Task4", "Task4", "{FCAEE26D-4DCC-4290-BDBC-F2F541B32174}"
EndProject
Project("{FAE04EC0-301F-11D3-BF4B-00C04F79EFBC}") = "Tyuiu.MezentsevSE.Sprint0.Task4.V0", "Tyuiu.MezentsevSE.Sprint0.Task4.V0\Tyuiu.MezentsevSE.Sprint0.Task4.V0.csproj", "{68B40DFF-9B0D-4BAE-8940-51DDE426D992}"
EndProject
Project("{FAE04EC0-301F-11D3-BF4B-00C04F79EFBC}") = "Tyuiu.MezentsevSE.Sprint0.Task4.V0.Lib", "Tyuiu.MezentsevSE.Sprint0.Task4.V0.Lib\Tyuiu.MezentsevSE.Sprint0.Task4.V0.Lib.csproj", "{A8B8B5A9-5B80-4EF9-8831-DA7C50534340}"
EndProject
Project("{FAE04EC0-301F-11D3-BF4B-00C04F79EFBC}") = "Tyuiu.MezentsevSE.Sprint0.Task4.V0.Test", "Tyuiu.MezentsevSE.Sprint0.Task4.V0.Test\Tyuiu.MezentsevSE.Sprint0.Task4.V0.Test.csproj", "{655F6A06-627C-456D-9C90-817E65E50436}"
EndProject
Project("{2150E333-8FDC-42A3-9474-1A3956D46DE8}") = "Task5", "Task5", "{C2B457D6-C9BA-4A5F-9EFF-06837E9EF575}"
EndProject
Project("{FAE04EC0-301F-11D3-BF4B-00C04F79EFBC}") = "Tyuiu.MezentsevSE.Sprint0.Task5.V0", "Tyuiu.MezentsevSE.Sprint0.Task5.V0\Tyuiu.MezentsevSE.Sprint0.Task5.V0.csproj", "{4B1A18B5-0F45-486A-9ACF-109CF848C64C}"
EndProject
Project("{FAE04EC0-301F-11D3-BF4B-00C04F79EFBC}") = "Tyuiu.MezentsevSE.Sprint0.Task5.V0.Lib", "Tyuiu.MezentsevSE.Sprint0.Task5.V0.Lib\Tyuiu.MezentsevSE.Sprint0.Task5.V0.Lib.csproj", "{F2132EB4-47C9-4696-8221-32C720C43707}"
EndProject
Project("{FAE04EC0-301F-11D3-BF4B-00C04F79EFBC}") = "Tyuiu.MezentsevSE.Sprint0.Task5.V0.Test", "Tyuiu.MezentsevSE.Sprint0.Task5.V0.Test\Tyuiu.MezentsevSE.Sprint0.Task5.V0.Test.csproj", "{D66EDD99-2195-4590-B84C-3D319AA5D60F}"
EndProject
Project("{2150E333-8FDC-42A3-9474-1A3956D46DE8}") = "Task6", "Task6", "{D05498B3-CBC8-4325-9027-19AB79DF5D50}"
EndProject
Project("{FAE04EC0-301F-11D3-BF4B-00C04F79EFBC}") = "Tyuiu.MezentsevSE.Sprint0.Task6.V0", "Tyuiu.MezentsevSE.Sprint0.Task6.V0\Tyuiu.MezentsevSE.Sprint0.Task6.V0.csproj", "{765FDC7E-3DB8-4F8C-9D1E-8B8216A1F476}"
EndProject
Project("{FAE04EC0-301F-11D3-BF4B-00C04F79EFBC}") = "Tyuiu.MezentsevSE.Sprint0.Task6.V0.Lib", "Tyuiu.MezentsevSE.Sprint0.Task6.V0.Lib\Tyuiu.MezentsevSE.Sprint0.Task6.V0.Lib.csproj", "{C41B8D4D-5B17-41F1-8085-117F3E469BFE}"
EndProject
Project("{FAE04EC0-301F-11D3-BF4B-00C04F79EFBC}") = "Tyuiu.MezentsevSE.Sprint0.Task6.V0.Test", "Tyuiu.MezentsevSE.Sprint0.Task6.V0.Test\Tyuiu.MezentsevSE.Sprint0.Task6.V0.Test.csproj", "{84CD76D6-3C74-4E4E-9C2A-B5C3D5D33209}"
EndProject
Global
	GlobalSection(SolutionConfigurationPlatforms) = preSolution
		Debug|Any CPU = Debug|Any CPU
		Release|Any CPU = Release|Any CPU
	EndGlobalSection
	GlobalSection(ProjectConfigurationPlatforms) = postSolution
		{120EFC6A-539B-4EFA-93F2-ED83E3A5017A}.Debug|Any CPU.ActiveCfg = Debug|Any CPU
		{120EFC6A-539B-4EFA-93F2-ED83E3A5017A}.Debug|Any CPU.Build.0 = Debug|Any CPU
		{120EFC6A-539B-4EFA-93F2-ED83E3A5017A}.Release|Any CPU.ActiveCfg = Release|Any CPU
		{120EFC6A-539B-4EFA-93F2-ED83E3A5017A}.Release|Any CPU.Build.0 = Release|Any CPU
		{9B07288E-C66B-4579-89E3-A83D70006701}.Debug|Any CPU.ActiveCfg = Debug|Any CPU
		{9B07288E-C66B-4579-89E3-A83D70006701}.Debug|Any CPU.Build.0 = Debug|Any CPU
		{9B07288E-C66B-4579-89E3-A83D70006701}.Release|Any CPU.ActiveCfg = Release|Any CPU
		{9B07288E-C66B-4579-89E3-A83D70006701}.Release|Any CPU.Build.0 = Release|Any CPU
		{04671322-C69B-4EDD-80DA-6241BA3EEA7F}.Debug|Any CPU.ActiveCfg = Debug|Any CPU
		{04671322-C69B-4EDD-80DA-6241BA3EEA7F}.Debug|Any CPU.Build.0 = Debug|Any CPU
		{04671322-C69B-4EDD-80DA-6241BA3EEA7F}.Release|Any CPU.ActiveCfg = Release|Any CPU
		{04671322-C69B-4EDD-80DA-6241BA3EEA7F}.Release|Any CPU.Build.0 = Release|Any CPU
		{E94FEF8C-233F-4D2B-BA79-D2842C8DC121}.Debug|Any CPU.ActiveCfg = Debug|Any CPU
		{E94FEF8C-233F-4D2B-BA79-D2842C8DC121}.Debug|Any CPU.Build.0 = Debug|Any CPU
		{E94FEF8C-233F-4D2B-BA79-D2842C8DC121}.Release|Any CPU.ActiveCfg = Release|Any CPU
		{E94FEF8C-233F-4D2B-BA79-D2842C8DC121}.Release|Any CPU.Build.0 = Release|Any CPU
		{5D96B85F-7B22-4311-AEE1-23EB13E9D1A5}.Debug|Any CPU.ActiveCfg = Debug|Any CPU
		{5D96B85F-7B22-4311-AEE1-23EB13E9D1A5}.Debug|Any CPU.Build.0 = Debug|Any CPU
		{5D96B85F-7B22-4311-AEE1-23EB13E9D1A5}.Release|Any CPU.ActiveCfg = Release|Any CPU
		{5D96B85F-7B22-4311-AEE1-23EB13E9D1A5}.Release|Any CPU.Build.0 = Release|Any CPU
		{2BC418D2-49CB-4A33-95F3-757044AEF9AF}.Debug|Any CPU.ActiveCfg = Debug|Any CPU
		{2BC418D2-49CB-4A33-95F3-757044AEF9AF}.Debug|Any CPU.Build.0 = Debug|Any CPU
		{2BC418D2-49CB-4A33-95F3-757044AEF9AF}.Release|Any CPU.ActiveCfg = Release|Any CPU
		{2BC418D2-49CB-4A33-95F3-757044AEF9AF}.Release|Any CPU.Build.0 = Release|Any CPU
		{003E10E6-69B9-4989-91FC-93E0441DAC7F}.Debug|Any CPU.ActiveCfg = Debug|Any CPU
		{003E10E6-69B9-4989-91FC-93E0441DAC7F}.Debug|Any CPU.Build.0 = Debug|Any CPU
		{003E10E6-69B9-4989-91FC-93E0441DAC7F}.Release|Any CPU.ActiveCfg = Release|Any CPU
		{003E10E6-69B9-4989-91FC-93E0441DAC7F}.Release|Any CPU.Build.0 = Release|Any CPU
		{03E5F0CF-5D37-4398-A11B-649850D16000}.Debug|Any CPU.ActiveCfg = Debug|Any CPU
		{03E5F0CF-5D37-4398-A11B-649850D16000}.Debug|Any CPU.Build.0 = Debug|Any CPU
		{03E5F0CF-5D37-4398-A11B-649850D16000}.Release|Any CPU.ActiveCfg = Release|Any CPU
		{03E5F0CF-5D37-4398-A11B-649850D16000}.Release|Any CPU.Build.0 = Release|Any CPU
		{68B40DFF-9B0D-4BAE-8940-51DDE426D992}.Debug|Any CPU.ActiveCfg = Debug|Any CPU
		{68B40DFF-9B0D-4BAE-8940-51DDE426D992}.Debug|Any CPU.Build.0 = Debug|Any CPU
		{68B40DFF-9B0D-4BAE-8940-51DDE426D992}.Release|Any CPU.ActiveCfg = Release|Any CPU
		{68B40DFF-9B0D-4BAE-8940-51DDE426D992}.Release|Any CPU.Build.0 = Release|Any CPU
		{A8B8B5A9-5B80-4EF9-8831-DA7C50534340}.Debug|Any CPU.ActiveCfg = Debug|Any CPU
		{A8B8B5A9-5B80-4EF9-8831-DA7C50534340}.Debug|Any CPU.Build.0 = Debug|Any CPU
		{A8B8B5A9-5B80-4EF9-8831-DA7C50534340}.Release|Any CPU.ActiveCfg = Release|Any CPU
		{A8B8B5A9-5B80-4EF9-8831-DA7C50534340}.Release|Any CPU.Build.0 = Release|Any CPU
		{655F6A06-627C-456D-9C90-817E65E50436}.Debug|Any CPU.ActiveCfg = Debug|Any CPU
		{655F6A06-627C-456D-9C90-817E65E50436}.Debug|Any CPU.Build.0 = Debug|Any CPU
		{655F6A06-627C-456D-9C90-817E65E50436}.Release|Any CPU.ActiveCfg = Release|Any CPU
		{655F6A06-627C-456D-9C90-817E65E50436}.Release|Any CPU.Build.0 = Release|Any CPU
		{4B1A18B5-0F45-486A-9ACF-109CF848C64C}.Debug|Any CPU.ActiveCfg = Debug|Any CPU
		{4B1A18B5-0F45-486A-9ACF-109CF848C64C}.Debug|Any CPU.Build.0 = Debug|Any CPU
		{4B1A18B5-0F45-486A-9ACF-109CF848C64C}.Release|Any CPU.ActiveCfg = Release|Any CPU
		{4B1A18B5-0F45-486A-9ACF-109CF848C64C}.Release|Any CPU.Build.0 = Release|Any CPU
		{F2132EB4-47C9-4696-8221-32C720C43707}.Debug|Any CPU.ActiveCfg = Debug|Any CPU
		{F2132EB4-47C9-4696-8221-32C720C43707}.Debug|Any CPU.Build.0 = Debug|Any CPU
		{F2132EB4-47C9-4696-8221-32C720C43707}.Release|Any CPU.ActiveCfg = Release|Any CPU
		{F2132EB4-47C9-4696-8221-32C720C43707}.Release|Any CPU.Build.0 = Release|Any CPU
		{D66EDD99-2195-4590-B84C-3D319AA5D60F}.Debug|Any CPU.ActiveCfg = Debug|Any CPU
		{D66EDD99-2195-4590-B84C-3D319AA5D60F}.Debug|Any CPU.Build.0 = Debug|Any CPU
		{D66EDD99-2195-4590-B84C-3D319AA5D60F}.Release|Any CPU.ActiveCfg = Release|Any CPU
		{D66EDD99-2195-4590-B84C-3D319AA5D60F}.Release|Any CPU.Build.0 = Release|Any CPU
		{765FDC7E-3DB8-4F8C-9D1E-8B8216A1F476}.Debug|Any CPU.ActiveCfg = Debug|Any CPU
		{765FDC7E-3DB8-4F8C-9D1E-8B8216A1F476}.Debug|Any CPU.Build.0 = Debug|Any CPU
		{765FDC7E-3DB8-4F8C-9D1E-8B8216A1F476}.Release|Any CPU.ActiveCfg = Release|Any CPU
		{765FDC7E-3DB8-4F8C-9D1E-8B8216A1F476}.Release|Any CPU.Build.0 = Release|Any CPU
		{C41B8D4D-5B17-41F1-8085-117F3E469BFE}.Debug|Any CPU.ActiveCfg = Debug|Any CPU
		{C41B8D4D-5B17-41F1-8085-117F3E469BFE}.Debug|Any CPU.Build.0 = Debug|Any CPU
		{C41B8D4D-5B17-41F1-8085-117F3E469BFE}.Release|Any CPU.ActiveCfg = Release|Any CPU
		{C41B8D4D-5B17-41F1-8085-117F3E469BFE}.Release|Any CPU.Build.0 = Release|Any CPU
		{84CD76D6-3C74-4E4E-9C2A-B5C3D5D33209}.Debug|Any CPU.ActiveCfg = Debug|Any CPU
		{84CD76D6-3C74-4E4E-9C2A-B5C3D5D33209}.Debug|Any CPU.Build.0 = Debug|Any CPU
		{84CD76D6-3C74-4E4E-9C2A-B5C3D5D33209}.Release|Any CPU.ActiveCfg = Release|Any CPU
		{84CD76D6-3C74-4E4E-9C2A-B5C3D5D33209}.Release|Any CPU.Build.0 = Release|Any CPU
	EndGlobalSection
	GlobalSection(SolutionProperties) = preSolution
		HideSolutionNode = FALSE
	EndGlobalSection
	GlobalSection(NestedProjects) = preSolution
		{120EFC6A-539B-4EFA-93F2-ED83E3A5017A} = {5AE4264E-542B-4CB4-A321-09149CF44F8F}
		{9B07288E-C66B-4579-89E3-A83D70006701} = {44490829-6D3C-478A-9F75-CE425F11B969}
		{04671322-C69B-4EDD-80DA-6241BA3EEA7F} = {545A36EE-F8AA-4260-BE3B-E30DCC586729}
		{E94FEF8C-233F-4D2B-BA79-D2842C8DC121} = {545A36EE-F8AA-4260-BE3B-E30DCC586729}
		{5D96B85F-7B22-4311-AEE1-23EB13E9D1A5} = {545A36EE-F8AA-4260-BE3B-E30DCC586729}
		{2BC418D2-49CB-4A33-95F3-757044AEF9AF} = {62645E87-7D30-4505-853D-E5BB46433785}
		{003E10E6-69B9-4989-91FC-93E0441DAC7F} = {62645E87-7D30-4505-853D-E5BB46433785}
		{03E5F0CF-5D37-4398-A11B-649850D16000} = {62645E87-7D30-4505-853D-E5BB46433785}
		{68B40DFF-9B0D-4BAE-8940-51DDE426D992} = {FCAEE26D-4DCC-4290-BDBC-F2F541B32174}
		{A8B8B5A9-5B80-4EF9-8831-DA7C50534340} = {FCAEE26D-4DCC-4290-BDBC-F2F541B32174}
		{655F6A06-627C-456D-9C90-817E65E50436} = {FCAEE26D-4DCC-4290-BDBC-F2F541B32174}
		{4B1A18B5-0F45-486A-9ACF-109CF848C64C} = {C2B457D6-C9BA-4A5F-9EFF-06837E9EF575}
		{F2132EB4-47C9-4696-8221-32C720C43707} = {C2B457D6-C9BA-4A5F-9EFF-06837E9EF575}
		{D66EDD99-2195-4590-B84C-3D319AA5D60F} = {C2B457D6-C9BA-4A5F-9EFF-06837E9EF575}
		{765FDC7E-3DB8-4F8C-9D1E-8B8216A1F476} = {D05498B3-CBC8-4325-9027-19AB79DF5D50}
		{C41B8D4D-5B17-41F1-8085-117F3E469BFE} = {D05498B3-CBC8-4325-9027-19AB79DF5D50}
		{84CD76D6-3C74-4E4E-9C2A-B5C3D5D33209} = {D05498B3-CBC8-4325-9027-19AB79DF5D50}
	EndGlobalSection
	GlobalSection(ExtensibilityGlobals) = postSolution
		SolutionGuid = {44A79DF4-0D68-42F1-9DF0-B44FB8991ED4}
	EndGlobalSection
EndGlobal
