
Microsoft Visual Studio Solution File, Format Version 12.00
# Visual Studio Version 16
VisualStudioVersion = 16.0.33927.289
MinimumVisualStudioVersion = 10.0.40219.1
Project("{2150E333-8FDC-42A3-9474-1A3956D46DE8}") = "Task0", "Task0", "{5AE4264E-542B-4CB4-A321-09149CF44F8F}"
EndProject
Project("{FAE04EC0-301F-11D3-BF4B-00C04F79EFBC}") = "Tyuiu.MezentsevSE.Sprint0.Task0.V0", "Tyuiu.MezentsevSE.Sprint0.Task0.V0\Tyuiu.MezentsevSE.Sprint0.Task0.V0.csproj", "{120EFC6A-539B-4EFA-93F2-ED83E3A5017A}"
EndProject
Global
	GlobalSection(SolutionConfigurationPlatforms) = preSolution
		Debug|Any CPU = Debug|Any CPU
		Release|Any CPU = Release|Any CPU
	EndGlobalSection
	GlobalSection(ProjectConfigurationPlatforms) = postSolution
		{120EFC6A-539B-4EFA-93F2-ED83E3A5017A}.Debug|Any CPU.ActiveCfg = Debug|Any CPU
		{120EFC6A-539B-4EFA-93F2-ED83E3A5017A}.Debug|Any CPU.Build.0 = Debug|Any CPU
		{120EFC6A-539B-4EFA-93F2-ED83E3A5017A}.Release|Any CPU.ActiveCfg = Release|Any CPU
		{120EFC6A-539B-4EFA-93F2-ED83E3A5017A}.Release|Any CPU.Build.0 = Release|Any CPU
	EndGlobalSection
	GlobalSection(SolutionProperties) = preSolution
		HideSolutionNode = FALSE
	EndGlobalSection
	GlobalSection(NestedProjects) = preSolution
		{120EFC6A-539B-4EFA-93F2-ED83E3A5017A} = {5AE4264E-542B-4CB4-A321-09149CF44F8F}
	EndGlobalSection
	GlobalSection(ExtensibilityGlobals) = postSolution
		SolutionGuid = {44A79DF4-0D68-42F1-9DF0-B44FB8991ED4}
	EndGlobalSection
EndGlobal
